# This file is @generated by PDM.
# It is not intended for manual editing.

[metadata]
groups = ["default"]
strategy = ["cross_platform"]
lock_version = "4.4"
content_hash = "sha256:34c39446a8efd71b26b0883c02a01ac469dbd4aaa89d9307686822e2e3c877c5"

[[package]]
name = "attrs"
version = "23.1.0"
requires_python = ">=3.7"
summary = "Classes Without Boilerplate"
files = [
    {file = "attrs-23.1.0-py3-none-any.whl", hash = "sha256:1f28b4522cdc2fb4256ac1a020c78acf9cba2c6b461ccd2c126f3aa8e8335d04"},
    {file = "attrs-23.1.0.tar.gz", hash = "sha256:6279836d581513a26f1bf235f9acd333bc9115683f14f7e8fae46c98fc50e015"},
]

[[package]]
name = "colorama"
version = "0.4.6"
requires_python = "!=3.0.*,!=3.1.*,!=3.2.*,!=3.3.*,!=3.4.*,!=3.5.*,!=3.6.*,>=2.7"
summary = "Cross-platform colored terminal text."
files = [
    {file = "colorama-0.4.6-py2.py3-none-any.whl", hash = "sha256:4f1d9991f5acc0ca119f9d443620b77f9d6b33703e51011c16baf57afb285fc6"},
    {file = "colorama-0.4.6.tar.gz", hash = "sha256:08695f5cb7ed6e0531a20572697297273c47b8cae5a63ffc6d6ed5c201be6e44"},
]

[[package]]
name = "hypothesis"
version = "6.91.0"
requires_python = ">=3.8"
summary = "A library for property-based testing"
dependencies = [
    "attrs>=19.2.0",
    "sortedcontainers<3.0.0,>=2.1.0",
]
files = [
    {file = "hypothesis-6.91.0-py3-none-any.whl", hash = "sha256:316e06d6f7d5f8ab87bcc7417fca750a2b082ed3ce902b979816b413276680b3"},
    {file = "hypothesis-6.91.0.tar.gz", hash = "sha256:a9f61a2bcfc342febcc1d04b80a99e789c57b700f91cbd43bbdb5d651af385cd"},
]

[[package]]
name = "iniconfig"
version = "2.0.0"
requires_python = ">=3.7"
summary = "brain-dead simple config-ini parsing"
files = [
    {file = "iniconfig-2.0.0-py3-none-any.whl", hash = "sha256:b6a85871a79d2e3b22d2d1b94ac2824226a63c6b741c88f7ae975f18b6778374"},
    {file = "iniconfig-2.0.0.tar.gz", hash = "sha256:2d91e135bf72d31a410b17c16da610a82cb55f6b0477d1a902134b24a455b8b3"},
]

[[package]]
name = "mypy"
version = "1.7.1"
requires_python = ">=3.8"
summary = "Optional static typing for Python"
dependencies = [
    "mypy-extensions>=1.0.0",
    "typing-extensions>=4.1.0",
]
files = [
    {file = "mypy-1.7.1-cp311-cp311-macosx_10_9_x86_64.whl", hash = "sha256:4b901927f16224d0d143b925ce9a4e6b3a758010673eeded9b748f250cf4e8f7"},
    {file = "mypy-1.7.1-cp311-cp311-macosx_11_0_arm64.whl", hash = "sha256:2f7f6985d05a4e3ce8255396df363046c28bea790e40617654e91ed580ca7c51"},
    {file = "mypy-1.7.1-cp311-cp311-manylinux_2_17_x86_64.manylinux2014_x86_64.whl", hash = "sha256:944bdc21ebd620eafefc090cdf83158393ec2b1391578359776c00de00e8907a"},
    {file = "mypy-1.7.1-cp311-cp311-musllinux_1_1_x86_64.whl", hash = "sha256:9c7ac372232c928fff0645d85f273a726970c014749b924ce5710d7d89763a28"},
    {file = "mypy-1.7.1-cp311-cp311-win_amd64.whl", hash = "sha256:f6efc9bd72258f89a3816e3a98c09d36f079c223aa345c659622f056b760ab42"},
    {file = "mypy-1.7.1-cp312-cp312-macosx_10_9_x86_64.whl", hash = "sha256:6dbdec441c60699288adf051f51a5d512b0d818526d1dcfff5a41f8cd8b4aaf1"},
    {file = "mypy-1.7.1-cp312-cp312-macosx_11_0_arm64.whl", hash = "sha256:4fc3d14ee80cd22367caaaf6e014494415bf440980a3045bf5045b525680ac33"},
    {file = "mypy-1.7.1-cp312-cp312-manylinux_2_17_x86_64.manylinux2014_x86_64.whl", hash = "sha256:2c6e4464ed5f01dc44dc9821caf67b60a4e5c3b04278286a85c067010653a0eb"},
    {file = "mypy-1.7.1-cp312-cp312-musllinux_1_1_x86_64.whl", hash = "sha256:d9b338c19fa2412f76e17525c1b4f2c687a55b156320acb588df79f2e6fa9fea"},
    {file = "mypy-1.7.1-cp312-cp312-win_amd64.whl", hash = "sha256:204e0d6de5fd2317394a4eff62065614c4892d5a4d1a7ee55b765d7a3d9e3f82"},
    {file = "mypy-1.7.1-py3-none-any.whl", hash = "sha256:f7c5d642db47376a0cc130f0de6d055056e010debdaf0707cd2b0fc7e7ef30ea"},
    {file = "mypy-1.7.1.tar.gz", hash = "sha256:fcb6d9afb1b6208b4c712af0dafdc650f518836065df0d4fb1d800f5d6773db2"},
]

[[package]]
name = "mypy-extensions"
version = "1.0.0"
requires_python = ">=3.5"
summary = "Type system extensions for programs checked with the mypy type checker."
files = [
    {file = "mypy_extensions-1.0.0-py3-none-any.whl", hash = "sha256:4392f6c0eb8a5668a69e23d168ffa70f0be9ccfd32b5cc2d26a34ae5b844552d"},
    {file = "mypy_extensions-1.0.0.tar.gz", hash = "sha256:75dbf8955dc00442a438fc4d0666508a9a97b6bd41aa2f0ffe9d2f2725af0782"},
]

[[package]]
name = "packaging"
version = "23.2"
requires_python = ">=3.7"
summary = "Core utilities for Python packages"
files = [
    {file = "packaging-23.2-py3-none-any.whl", hash = "sha256:8c491190033a9af7e1d931d0b5dacc2ef47509b34dd0de67ed209b5203fc88c7"},
    {file = "packaging-23.2.tar.gz", hash = "sha256:048fb0e9405036518eaaf48a55953c750c11e1a1b68e0dd1a9d62ed0c092cfc5"},
]

[[package]]
name = "pluggy"
version = "1.3.0"
requires_python = ">=3.8"
summary = "plugin and hook calling mechanisms for python"
files = [
    {file = "pluggy-1.3.0-py3-none-any.whl", hash = "sha256:d89c696a773f8bd377d18e5ecda92b7a3793cbe66c87060a6fb58c7b6e1061f7"},
    {file = "pluggy-1.3.0.tar.gz", hash = "sha256:cf61ae8f126ac6f7c451172cf30e3e43d3ca77615509771b3a984a0730651e12"},
]

[[package]]
name = "pytest"
version = "7.4.3"
requires_python = ">=3.7"
summary = "pytest: simple powerful testing with Python"
dependencies = [
    "colorama; sys_platform == \"win32\"",
    "iniconfig",
    "packaging",
    "pluggy<2.0,>=0.12",
]
files = [
    {file = "pytest-7.4.3-py3-none-any.whl", hash = "sha256:0d009c083ea859a71b76adf7c1d502e4bc170b80a8ef002da5806527b9591fac"},
    {file = "pytest-7.4.3.tar.gz", hash = "sha256:d989d136982de4e3b29dabcc838ad581c64e8ed52c11fbe86ddebd9da0818cd5"},
]

[[package]]
name = "pytest-watcher"
version = "0.3.4"
requires_python = ">=3.7.0,<4.0.0"
summary = "Automatically rerun your tests on file modifications"
dependencies = [
    "watchdog>=2.0.0",
]
files = [
    {file = "pytest_watcher-0.3.4-py3-none-any.whl", hash = "sha256:edd2bd9c8a1fb14d48c9f4947234065eb9b4c1acedc0bf213b1f12501dfcffd3"},
    {file = "pytest_watcher-0.3.4.tar.gz", hash = "sha256:d39491ba15b589221bb9a78ef4bed3d5d1503aed08209b1a138aeb95b9117a18"},
]

[[package]]
name = "ruff"
version = "0.1.6"
requires_python = ">=3.7"
summary = "An extremely fast Python linter and code formatter, written in Rust."
files = [
    {file = "ruff-0.1.6-py3-none-macosx_10_12_x86_64.macosx_11_0_arm64.macosx_10_12_universal2.whl", hash = "sha256:88b8cdf6abf98130991cbc9f6438f35f6e8d41a02622cc5ee130a02a0ed28703"},
    {file = "ruff-0.1.6-py3-none-macosx_10_12_x86_64.whl", hash = "sha256:5c549ed437680b6105a1299d2cd30e4964211606eeb48a0ff7a93ef70b902248"},
    {file = "ruff-0.1.6-py3-none-manylinux_2_17_aarch64.manylinux2014_aarch64.whl", hash = "sha256:1cf5f701062e294f2167e66d11b092bba7af6a057668ed618a9253e1e90cfd76"},
    {file = "ruff-0.1.6-py3-none-manylinux_2_17_armv7l.manylinux2014_armv7l.whl", hash = "sha256:05991ee20d4ac4bb78385360c684e4b417edd971030ab12a4fbd075ff535050e"},
    {file = "ruff-0.1.6-py3-none-manylinux_2_17_i686.manylinux2014_i686.whl", hash = "sha256:87455a0c1f739b3c069e2f4c43b66479a54dea0276dd5d4d67b091265f6fd1dc"},
    {file = "ruff-0.1.6-py3-none-manylinux_2_17_ppc64.manylinux2014_ppc64.whl", hash = "sha256:683aa5bdda5a48cb8266fcde8eea2a6af4e5700a392c56ea5fb5f0d4bfdc0240"},
    {file = "ruff-0.1.6-py3-none-manylinux_2_17_ppc64le.manylinux2014_ppc64le.whl", hash = "sha256:137852105586dcbf80c1717facb6781555c4e99f520c9c827bd414fac67ddfb6"},
    {file = "ruff-0.1.6-py3-none-manylinux_2_17_s390x.manylinux2014_s390x.whl", hash = "sha256:bd98138a98d48a1c36c394fd6b84cd943ac92a08278aa8ac8c0fdefcf7138f35"},
    {file = "ruff-0.1.6-py3-none-manylinux_2_17_x86_64.manylinux2014_x86_64.whl", hash = "sha256:3a0cd909d25f227ac5c36d4e7e681577275fb74ba3b11d288aff7ec47e3ae745"},
    {file = "ruff-0.1.6-py3-none-musllinux_1_2_aarch64.whl", hash = "sha256:e8fd1c62a47aa88a02707b5dd20c5ff20d035d634aa74826b42a1da77861b5ff"},
    {file = "ruff-0.1.6-py3-none-musllinux_1_2_armv7l.whl", hash = "sha256:fd89b45d374935829134a082617954120d7a1470a9f0ec0e7f3ead983edc48cc"},
    {file = "ruff-0.1.6-py3-none-musllinux_1_2_i686.whl", hash = "sha256:491262006e92f825b145cd1e52948073c56560243b55fb3b4ecb142f6f0e9543"},
    {file = "ruff-0.1.6-py3-none-musllinux_1_2_x86_64.whl", hash = "sha256:ea284789861b8b5ca9d5443591a92a397ac183d4351882ab52f6296b4fdd5462"},
    {file = "ruff-0.1.6-py3-none-win32.whl", hash = "sha256:1610e14750826dfc207ccbcdd7331b6bd285607d4181df9c1c6ae26646d6848a"},
    {file = "ruff-0.1.6-py3-none-win_amd64.whl", hash = "sha256:4558b3e178145491e9bc3b2ee3c4b42f19d19384eaa5c59d10acf6e8f8b57e33"},
    {file = "ruff-0.1.6-py3-none-win_arm64.whl", hash = "sha256:03910e81df0d8db0e30050725a5802441c2022ea3ae4fe0609b76081731accbc"},
    {file = "ruff-0.1.6.tar.gz", hash = "sha256:1b09f29b16c6ead5ea6b097ef2764b42372aebe363722f1605ecbcd2b9207184"},
]

[[package]]
name = "setuptools"
version = "69.0.2"
requires_python = ">=3.8"
summary = "Easily download, build, install, upgrade, and uninstall Python packages"
files = [
    {file = "setuptools-69.0.2-py3-none-any.whl", hash = "sha256:1e8fdff6797d3865f37397be788a4e3cba233608e9b509382a2777d25ebde7f2"},
    {file = "setuptools-69.0.2.tar.gz", hash = "sha256:735896e78a4742605974de002ac60562d286fa8051a7e2299445e8e8fbb01aa6"},
]

[[package]]
name = "sortedcontainers"
version = "2.4.0"
summary = "Sorted Containers -- Sorted List, Sorted Dict, Sorted Set"
files = [
    {file = "sortedcontainers-2.4.0-py2.py3-none-any.whl", hash = "sha256:a163dcaede0f1c021485e957a39245190e74249897e2ae4b2aa38595db237ee0"},
    {file = "sortedcontainers-2.4.0.tar.gz", hash = "sha256:25caa5a06cc30b6b83d11423433f65d1f9d76c4c6a0c90e3379eaa43b9bfdb88"},
]

[[package]]
name = "typing-extensions"
version = "4.8.0"
requires_python = ">=3.8"
summary = "Backported and Experimental Type Hints for Python 3.8+"
files = [
    {file = "typing_extensions-4.8.0-py3-none-any.whl", hash = "sha256:8f92fc8806f9a6b641eaa5318da32b44d401efaac0f6678c9bc448ba3605faa0"},
    {file = "typing_extensions-4.8.0.tar.gz", hash = "sha256:df8e4339e9cb77357558cbdbceca33c303714cf861d1eef15e1070055ae8b7ef"},
]

[[package]]
name = "watchdog"
version = "3.0.0"
requires_python = ">=3.7"
summary = "Filesystem events monitoring"
files = [
    {file = "watchdog-3.0.0-pp37-pypy37_pp73-macosx_10_9_x86_64.whl", hash = "sha256:13bbbb462ee42ec3c5723e1205be8ced776f05b100e4737518c67c8325cf6100"},
    {file = "watchdog-3.0.0-pp38-pypy38_pp73-macosx_10_9_x86_64.whl", hash = "sha256:8f3ceecd20d71067c7fd4c9e832d4e22584318983cabc013dbf3f70ea95de346"},
    {file = "watchdog-3.0.0-pp39-pypy39_pp73-macosx_10_9_x86_64.whl", hash = "sha256:c9d8c8ec7efb887333cf71e328e39cffbf771d8f8f95d308ea4125bf5f90ba64"},
    {file = "watchdog-3.0.0-py3-none-manylinux2014_aarch64.whl", hash = "sha256:0e06ab8858a76e1219e68c7573dfeba9dd1c0219476c5a44d5333b01d7e1743a"},
    {file = "watchdog-3.0.0-py3-none-manylinux2014_armv7l.whl", hash = "sha256:d00e6be486affb5781468457b21a6cbe848c33ef43f9ea4a73b4882e5f188a44"},
    {file = "watchdog-3.0.0-py3-none-manylinux2014_i686.whl", hash = "sha256:c07253088265c363d1ddf4b3cdb808d59a0468ecd017770ed716991620b8f77a"},
    {file = "watchdog-3.0.0-py3-none-manylinux2014_ppc64.whl", hash = "sha256:5113334cf8cf0ac8cd45e1f8309a603291b614191c9add34d33075727a967709"},
    {file = "watchdog-3.0.0-py3-none-manylinux2014_ppc64le.whl", hash = "sha256:51f90f73b4697bac9c9a78394c3acbbd331ccd3655c11be1a15ae6fe289a8c83"},
    {file = "watchdog-3.0.0-py3-none-manylinux2014_s390x.whl", hash = "sha256:ba07e92756c97e3aca0912b5cbc4e5ad802f4557212788e72a72a47ff376950d"},
    {file = "watchdog-3.0.0-py3-none-manylinux2014_x86_64.whl", hash = "sha256:d429c2430c93b7903914e4db9a966c7f2b068dd2ebdd2fa9b9ce094c7d459f33"},
    {file = "watchdog-3.0.0-py3-none-win32.whl", hash = "sha256:3ed7c71a9dccfe838c2f0b6314ed0d9b22e77d268c67e015450a29036a81f60f"},
    {file = "watchdog-3.0.0-py3-none-win_amd64.whl", hash = "sha256:4c9956d27be0bb08fc5f30d9d0179a855436e655f046d288e2bcc11adfae893c"},
    {file = "watchdog-3.0.0-py3-none-win_ia64.whl", hash = "sha256:5d9f3a10e02d7371cd929b5d8f11e87d4bad890212ed3901f9b4d68767bee759"},
    {file = "watchdog-3.0.0.tar.gz", hash = "sha256:4d98a320595da7a7c5a18fc48cb633c2e73cda78f93cac2ef42d42bf609a33f9"},
]

[[package]]
name = "z3-solver"
version = "4.12.2.0"
summary = "an efficient SMT solver library"
files = [
    {file = "z3-solver-4.12.2.0.tar.gz", hash = "sha256:65ab47a0a8ef0bfb80db0670775beb11b32c3c0ae4b35943e44121f4af7ef411"},
    {file = "z3_solver-4.12.2.0-py2.py3-none-macosx_10_16_x86_64.whl", hash = "sha256:127b7c3fcadd61415320ef1b469c22464d3270d25a63c9eb5ee31a0859910826"},
    {file = "z3_solver-4.12.2.0-py2.py3-none-macosx_11_0_arm64.whl", hash = "sha256:f605de84f87cff04de8339a6d007c80167606a4e6904d6ace8208b066f22f4be"},
    {file = "z3_solver-4.12.2.0-py2.py3-none-manylinux2014_aarch64.whl", hash = "sha256:4d252abdeab222f241d273df012f96fb8e5754a60734508c85c791ac5096bdf5"},
    {file = "z3_solver-4.12.2.0-py2.py3-none-manylinux2014_x86_64.whl", hash = "sha256:03921d3021cb6e5dbeaeb94634132a5fbf5403748aa21774efac4047e633af1e"},
    {file = "z3_solver-4.12.2.0-py2.py3-none-win32.whl", hash = "sha256:ea1688e64aada67ec720e2f148c5c41fece2870c55a2901dda36f6b4bb9aec7e"},
    {file = "z3_solver-4.12.2.0-py2.py3-none-win_amd64.whl", hash = "sha256:553af6a989d8943d9a556c4f83ea54b2afc8b4fd58230e97fcc526dc3f97249a"},
]
